
Microsoft Visual Studio Solution File, Format Version 12.00
# Visual Studio 2012
Project("{FAE04EC0-301F-11D3-BF4B-00C04F79EFBC}") = "WebProject", "WebProject\WebProject.csproj", "{A1BF9ECF-FDFF-4CD2-AB67-D397BE59F24E}"
EndProject
Project("{2150E333-8FDC-42A3-9474-1A3956D46DE8}") = ".nuget", ".nuget", "{6735CCEE-9DD7-4F47-A337-092428521BE5}"
	ProjectSection(SolutionItems) = preProject
		.nuget\NuGet.Config = .nuget\NuGet.Config
		.nuget\NuGet.exe = .nuget\NuGet.exe
		.nuget\NuGet.targets = .nuget\NuGet.targets
	EndProjectSection
EndProject
Project("{FAE04EC0-301F-11D3-BF4B-00C04F79EFBC}") = "NUnitTests", "NUnitTests\NUnitTests.csproj", "{58AF62CE-5E39-4E9F-BB13-B2D724011144}"
EndProject
Global
	GlobalSection(SolutionConfigurationPlatforms) = preSolution
		Debug|Any CPU = Debug|Any CPU
		Release|Any CPU = Release|Any CPU
	EndGlobalSection
	GlobalSection(ProjectConfigurationPlatforms) = postSolution
		{A1BF9ECF-FDFF-4CD2-AB67-D397BE59F24E}.Debug|Any CPU.ActiveCfg = Debug|Any CPU
		{A1BF9ECF-FDFF-4CD2-AB67-D397BE59F24E}.Debug|Any CPU.Build.0 = Debug|Any CPU
		{A1BF9ECF-FDFF-4CD2-AB67-D397BE59F24E}.Release|Any CPU.ActiveCfg = Release|Any CPU
		{A1BF9ECF-FDFF-4CD2-AB67-D397BE59F24E}.Release|Any CPU.Build.0 = Release|Any CPU
		{58AF62CE-5E39-4E9F-BB13-B2D724011144}.Debug|Any CPU.ActiveCfg = Debug|Any CPU
		{58AF62CE-5E39-4E9F-BB13-B2D724011144}.Debug|Any CPU.Build.0 = Debug|Any CPU
		{58AF62CE-5E39-4E9F-BB13-B2D724011144}.Release|Any CPU.ActiveCfg = Release|Any CPU
		{58AF62CE-5E39-4E9F-BB13-B2D724011144}.Release|Any CPU.Build.0 = Release|Any CPU
	EndGlobalSection
	GlobalSection(SolutionProperties) = preSolution
		HideSolutionNode = FALSE
	EndGlobalSection
EndGlobal
